
Microsoft Visual Studio Solution File, Format Version 12.00
# Visual Studio Version 17
VisualStudioVersion = 17.7.34003.232
MinimumVisualStudioVersion = 10.0.40219.1
Project("{FAE04EC0-301F-11D3-BF4B-00C04F79EFBC}") = "ConsoleApp1", "ConsoleApp1\ConsoleApp1.csproj", "{09591C3D-FC13-4330-9CDB-575ED6BDEB7D}"
EndProject
Global
	GlobalSection(SolutionConfigurationPlatforms) = preSolution
		Debug|Any CPU = Debug|Any CPU
		Release|Any CPU = Release|Any CPU
	EndGlobalSection
	GlobalSection(ProjectConfigurationPlatforms) = postSolution
		{09591C3D-FC13-4330-9CDB-575ED6BDEB7D}.Debug|Any CPU.ActiveCfg = Debug|Any CPU
		{09591C3D-FC13-4330-9CDB-575ED6BDEB7D}.Debug|Any CPU.Build.0 = Debug|Any CPU
		{09591C3D-FC13-4330-9CDB-575ED6BDEB7D}.Release|Any CPU.ActiveCfg = Release|Any CPU
		{09591C3D-FC13-4330-9CDB-575ED6BDEB7D}.Release|Any CPU.Build.0 = Release|Any CPU
	EndGlobalSection
	GlobalSection(SolutionProperties) = preSolution
		HideSolutionNode = FALSE
	EndGlobalSection
	GlobalSection(ExtensibilityGlobals) = postSolution
		SolutionGuid = {0B89CA1C-24F4-48A9-ACC9-5ED9C52A17B6}
	EndGlobalSection
EndGlobal
